
Microsoft Visual Studio Solution File, Format Version 12.00
# Visual Studio Version 17
VisualStudioVersion = 17.6.33815.320
MinimumVisualStudioVersion = 10.0.40219.1
Project("{FAE04EC0-301F-11D3-BF4B-00C04F79EFBC}") = "DealerAutos.Server", "Server\DealerAutos.Server.csproj", "{FC3EBFA9-0274-454D-81F8-ACDD415778B9}"
EndProject
Project("{FAE04EC0-301F-11D3-BF4B-00C04F79EFBC}") = "DealerAutos.Client", "Client\DealerAutos.Client.csproj", "{DFF4524F-95FE-4372-8DE7-A1A65E01CAF2}"
EndProject
Project("{FAE04EC0-301F-11D3-BF4B-00C04F79EFBC}") = "DealerAutos.Shared", "Shared\DealerAutos.Shared.csproj", "{854B9D36-B052-42D2-805B-ACA013AE98C5}"
EndProject
Global
	GlobalSection(SolutionConfigurationPlatforms) = preSolution
		Debug|Any CPU = Debug|Any CPU
		Release|Any CPU = Release|Any CPU
	EndGlobalSection
	GlobalSection(ProjectConfigurationPlatforms) = postSolution
		{FC3EBFA9-0274-454D-81F8-ACDD415778B9}.Debug|Any CPU.ActiveCfg = Debug|Any CPU
		{FC3EBFA9-0274-454D-81F8-ACDD415778B9}.Debug|Any CPU.Build.0 = Debug|Any CPU
		{FC3EBFA9-0274-454D-81F8-ACDD415778B9}.Release|Any CPU.ActiveCfg = Release|Any CPU
		{FC3EBFA9-0274-454D-81F8-ACDD415778B9}.Release|Any CPU.Build.0 = Release|Any CPU
		{DFF4524F-95FE-4372-8DE7-A1A65E01CAF2}.Debug|Any CPU.ActiveCfg = Debug|Any CPU
		{DFF4524F-95FE-4372-8DE7-A1A65E01CAF2}.Debug|Any CPU.Build.0 = Debug|Any CPU
		{DFF4524F-95FE-4372-8DE7-A1A65E01CAF2}.Release|Any CPU.ActiveCfg = Release|Any CPU
		{DFF4524F-95FE-4372-8DE7-A1A65E01CAF2}.Release|Any CPU.Build.0 = Release|Any CPU
		{854B9D36-B052-42D2-805B-ACA013AE98C5}.Debug|Any CPU.ActiveCfg = Debug|Any CPU
		{854B9D36-B052-42D2-805B-ACA013AE98C5}.Debug|Any CPU.Build.0 = Debug|Any CPU
		{854B9D36-B052-42D2-805B-ACA013AE98C5}.Release|Any CPU.ActiveCfg = Release|Any CPU
		{854B9D36-B052-42D2-805B-ACA013AE98C5}.Release|Any CPU.Build.0 = Release|Any CPU
	EndGlobalSection
	GlobalSection(SolutionProperties) = preSolution
		HideSolutionNode = FALSE
	EndGlobalSection
	GlobalSection(ExtensibilityGlobals) = postSolution
		SolutionGuid = {38D0823C-1D25-44F3-9EE5-7803153F1066}
	EndGlobalSection
EndGlobal
